
Microsoft Visual Studio Solution File, Format Version 12.00
# Visual Studio Version 17
VisualStudioVersion = 17.13.35825.156
MinimumVisualStudioVersion = 10.0.40219.1
Project("{FAE04EC0-301F-11D3-BF4B-00C04F79EFBC}") = "Pocket_Piggy_OOP", "Pocket_Piggy_OOP.csproj", "{A97A10CD-4B6B-4FDC-A0D0-54232069490F}"
EndProject
Global
	GlobalSection(SolutionConfigurationPlatforms) = preSolution
		Debug|Any CPU = Debug|Any CPU
		Release|Any CPU = Release|Any CPU
	EndGlobalSection
	GlobalSection(ProjectConfigurationPlatforms) = postSolution
		{A97A10CD-4B6B-4FDC-A0D0-54232069490F}.Debug|Any CPU.ActiveCfg = Debug|Any CPU
		{A97A10CD-4B6B-4FDC-A0D0-54232069490F}.Debug|Any CPU.Build.0 = Debug|Any CPU
		{A97A10CD-4B6B-4FDC-A0D0-54232069490F}.Release|Any CPU.ActiveCfg = Release|Any CPU
		{A97A10CD-4B6B-4FDC-A0D0-54232069490F}.Release|Any CPU.Build.0 = Release|Any CPU
	EndGlobalSection
	GlobalSection(SolutionProperties) = preSolution
		HideSolutionNode = FALSE
	EndGlobalSection
	GlobalSection(ExtensibilityGlobals) = postSolution
		SolutionGuid = {A17C2CD1-D43F-4F0A-B785-8E5DC9B4EB8E}
	EndGlobalSection
EndGlobal
